
Microsoft Visual Studio Solution File, Format Version 12.00
# Visual Studio Version 17
VisualStudioVersion = 17.11.35327.3
MinimumVisualStudioVersion = 10.0.40219.1
Project("{FAE04EC0-301F-11D3-BF4B-00C04F79EFBC}") = "CodeRunnerAPI", "CodeRunnerAPI.csproj", "{B56F9913-41F5-4A51-9469-5E3CC49670DB}"
EndProject
Global
	GlobalSection(SolutionConfigurationPlatforms) = preSolution
		Debug|Any CPU = Debug|Any CPU
		Release|Any CPU = Release|Any CPU
	EndGlobalSection
	GlobalSection(ProjectConfigurationPlatforms) = postSolution
		{B56F9913-41F5-4A51-9469-5E3CC49670DB}.Debug|Any CPU.ActiveCfg = Debug|Any CPU
		{B56F9913-41F5-4A51-9469-5E3CC49670DB}.Debug|Any CPU.Build.0 = Debug|Any CPU
		{B56F9913-41F5-4A51-9469-5E3CC49670DB}.Release|Any CPU.ActiveCfg = Release|Any CPU
		{B56F9913-41F5-4A51-9469-5E3CC49670DB}.Release|Any CPU.Build.0 = Release|Any CPU
	EndGlobalSection
	GlobalSection(SolutionProperties) = preSolution
		HideSolutionNode = FALSE
	EndGlobalSection
	GlobalSection(ExtensibilityGlobals) = postSolution
		SolutionGuid = {9C9530F8-3B2A-485C-B1B5-9F6A6D3BAB1C}
	EndGlobalSection
EndGlobal
